
Microsoft Visual Studio Solution File, Format Version 12.00
# Visual Studio Version 17
VisualStudioVersion = 17.3.32922.545
MinimumVisualStudioVersion = 10.0.40219.1
Project("{FAE04EC0-301F-11D3-BF4B-00C04F79EFBC}") = "3_лаба_Виндовс_Форма", "3_лаба_Виндовс_Форма\3_лаба_Виндовс_Форма.csproj", "{754383B2-5E34-4617-A292-1A7E65033581}"
EndProject
Global
	GlobalSection(SolutionConfigurationPlatforms) = preSolution
		Debug|Any CPU = Debug|Any CPU
		Release|Any CPU = Release|Any CPU
	EndGlobalSection
	GlobalSection(ProjectConfigurationPlatforms) = postSolution
		{754383B2-5E34-4617-A292-1A7E65033581}.Debug|Any CPU.ActiveCfg = Debug|Any CPU
		{754383B2-5E34-4617-A292-1A7E65033581}.Debug|Any CPU.Build.0 = Debug|Any CPU
		{754383B2-5E34-4617-A292-1A7E65033581}.Release|Any CPU.ActiveCfg = Release|Any CPU
		{754383B2-5E34-4617-A292-1A7E65033581}.Release|Any CPU.Build.0 = Release|Any CPU
	EndGlobalSection
	GlobalSection(SolutionProperties) = preSolution
		HideSolutionNode = FALSE
	EndGlobalSection
	GlobalSection(ExtensibilityGlobals) = postSolution
		SolutionGuid = {876C768B-DFCE-452B-85EB-6F8952F42753}
	EndGlobalSection
EndGlobal
